
Microsoft Visual Studio Solution File, Format Version 11.00
# Visual Studio 2010
Project("{FAE04EC0-301F-11D3-BF4B-00C04F79EFBC}") = "ChanSTD", "ChanSTD\ChanSTD.csproj", "{ED5DC400-D6D0-480D-8A93-DC7C9C1E85AE}"
EndProject
Global
	GlobalSection(SolutionConfigurationPlatforms) = preSolution
		Debug|x86 = Debug|x86
		Release|x86 = Release|x86
	EndGlobalSection
	GlobalSection(ProjectConfigurationPlatforms) = postSolution
		{ED5DC400-D6D0-480D-8A93-DC7C9C1E85AE}.Debug|x86.ActiveCfg = Debug|x86
		{ED5DC400-D6D0-480D-8A93-DC7C9C1E85AE}.Debug|x86.Build.0 = Debug|x86
		{ED5DC400-D6D0-480D-8A93-DC7C9C1E85AE}.Release|x86.ActiveCfg = Release|x86
		{ED5DC400-D6D0-480D-8A93-DC7C9C1E85AE}.Release|x86.Build.0 = Release|x86
	EndGlobalSection
	GlobalSection(SolutionProperties) = preSolution
		HideSolutionNode = FALSE
	EndGlobalSection
EndGlobal
